// !$*UTF8*$!
{
	archiveVersion = 1;
	classes = {
	};
	objectVersion = 48;
	objects = {

/* Begin PBXBuildFile section */
		BF64A3181FAB3651005FFDDA /* AppDelegate.swift in Sources */ = {isa = PBXBuildFile; fileRef = BF64A3171FAB3651005FFDDA /* AppDelegate.swift */; };
		BF64A31A1FAB3651005FFDDA /* ViewController.swift in Sources */ = {isa = PBXBuildFile; fileRef = BF64A3191FAB3651005FFDDA /* ViewController.swift */; };
		BF64A31D1FAB3651005FFDDA /* Main.storyboard in Resources */ = {isa = PBXBuildFile; fileRef = BF64A31B1FAB3651005FFDDA /* Main.storyboard */; };
		BF64A31F1FAB3651005FFDDA /* Assets.xcassets in Resources */ = {isa = PBXBuildFile; fileRef = BF64A31E1FAB3651005FFDDA /* Assets.xcassets */; };
		BF64A3221FAB3651005FFDDA /* LaunchScreen.storyboard in Resources */ = {isa = PBXBuildFile; fileRef = BF64A3201FAB3651005FFDDA /* LaunchScreen.storyboard */; };
		BF64A32A1FAB369E005FFDDA /* PreviewView.swift in Sources */ = {isa = PBXBuildFile; fileRef = BF64A3291FAB369E005FFDDA /* PreviewView.swift */; };
		BF64A32C1FAB5297005FFDDA /* Inceptionv3.mlmodel in Sources */ = {isa = PBXBuildFile; fileRef = BF64A32B1FAB51E6005FFDDA /* Inceptionv3.mlmodel */; };
/* End PBXBuildFile section */

/* Begin PBXFileReference section */
		BF64A3141FAB3651005FFDDA /* ObjectRecognition.app */ = {isa = PBXFileReference; explicitFileType = wrapper.application; includeInIndex = 0; path = ObjectRecognition.app; sourceTree = BUILT_PRODUCTS_DIR; };
		BF64A3171FAB3651005FFDDA /* AppDelegate.swift */ = {isa = PBXFileReference; lastKnownFileType = sourcecode.swift; path = AppDelegate.swift; sourceTree = "<group>"; };
		BF64A3191FAB3651005FFDDA /* ViewController.swift */ = {isa = PBXFileReference; lastKnownFileType = sourcecode.swift; path = ViewController.swift; sourceTree = "<group>"; };
		BF64A31C1FAB3651005FFDDA /* Base */ = {isa = PBXFileReference; lastKnownFileType = file.storyboard; name = Base; path = Base.lproj/Main.storyboard; sourceTree = "<group>"; };
		BF64A31E1FAB3651005FFDDA /* Assets.xcassets */ = {isa = PBXFileReference; lastKnownFileType = folder.assetcatalog; path = Assets.xcassets; sourceTree = "<group>"; };
		BF64A3211FAB3651005FFDDA /* Base */ = {isa = PBXFileReference; lastKnownFileType = file.storyboard; name = Base; path = Base.lproj/LaunchScreen.storyboard; sourceTree = "<group>"; };
		BF64A3231FAB3651005FFDDA /* Info.plist */ = {isa = PBXFileReference; lastKnownFileType = text.plist.xml; path = Info.plist; sourceTree = "<group>"; };
		BF64A3291FAB369E005FFDDA /* PreviewView.swift */ = {isa = PBXFileReference; lastKnownFileType = sourcecode.swift; path = PreviewView.swift; sourceTree = "<group>"; };
		BF64A32B1FAB51E6005FFDDA /* Inceptionv3.mlmodel */ = {isa = PBXFileReference; lastKnownFileType = file.mlmodel; path = Inceptionv3.mlmodel; sourceTree = "<group>"; };
/* End PBXFileReference section */

/* Begin PBXFrameworksBuildPhase section */
		BF64A3111FAB3650005FFDDA /* Frameworks */ = {
			isa = PBXFrameworksBuildPhase;
			buildActionMask = 2147483647;
			files = (
			);
			runOnlyForDeploymentPostprocessing = 0;
		};
/* End PBXFrameworksBuildPhase section */

/* Begin PBXGroup section */
		BF64A30B1FAB3650005FFDDA = {
			isa = PBXGroup;
			children = (
				BF64A3161FAB3651005FFDDA /* ObjectRecognition */,
				BF64A3151FAB3651005FFDDA /* Products */,
			);
			sourceTree = "<group>";
		};
		BF64A3151FAB3651005FFDDA /* Products */ = {
			isa = PBXGroup;
			children = (
				BF64A3141FAB3651005FFDDA /* ObjectRecognition.app */,
			);
			name = Products;
			sourceTree = "<group>";
		};
		BF64A3161FAB3651005FFDDA /* ObjectRecognition */ = {
			isa = PBXGroup;
			children = (
				BF64A32B1FAB51E6005FFDDA /* Inceptionv3.mlmodel */,
				BF64A3171FAB3651005FFDDA /* AppDelegate.swift */,
				BF64A3191FAB3651005FFDDA /* ViewController.swift */,
				BF64A31B1FAB3651005FFDDA /* Main.storyboard */,
				BF64A31E1FAB3651005FFDDA /* Assets.xcassets */,
				BF64A3201FAB3651005FFDDA /* LaunchScreen.storyboard */,
				BF64A3231FAB3651005FFDDA /* Info.plist */,
				BF64A3291FAB369E005FFDDA /* PreviewView.swift */,
			);
			path = ObjectRecognition;
			sourceTree = "<group>";
		};
/* End PBXGroup section */

/* Begin PBXNativeTarget section */
		BF64A3131FAB3650005FFDDA /* ObjectRecognition */ = {
			isa = PBXNativeTarget;
			buildConfigurationList = BF64A3261FAB3651005FFDDA /* Build configuration list for PBXNativeTarget "ObjectRecognition" */;
			buildPhases = (
				BF64A3101FAB3650005FFDDA /* Sources */,
				BF64A3111FAB3650005FFDDA /* Frameworks */,
				BF64A3121FAB3650005FFDDA /* Resources */,
			);
			buildRules = (
			);
			dependencies = (
			);
			name = ObjectRecognition;
			productName = ObjectRecognition;
			productReference = BF64A3141FAB3651005FFDDA /* ObjectRecognition.app */;
			productType = "com.apple.product-type.application";
		};
/* End PBXNativeTarget section */

/* Begin PBXProject section */
		BF64A30C1FAB3650005FFDDA /* Project object */ = {
			isa = PBXProject;
			attributes = {
				LastSwiftUpdateCheck = 0900;
				LastUpgradeCheck = 0900;
				ORGANIZATIONNAME = infostrates;
				TargetAttributes = {
					BF64A3131FAB3650005FFDDA = {
						CreatedOnToolsVersion = 9.0;
						ProvisioningStyle = Automatic;
					};
				};
			};
			buildConfigurationList = BF64A30F1FAB3650005FFDDA /* Build configuration list for PBXProject "ObjectRecognition" */;
			compatibilityVersion = "Xcode 8.0";
			developmentRegion = en;
			hasScannedForEncodings = 0;
			knownRegions = (
				en,
				Base,
			);
			mainGroup = BF64A30B1FAB3650005FFDDA;
			productRefGroup = BF64A3151FAB3651005FFDDA /* Products */;
			projectDirPath = "";
			projectRoot = "";
			targets = (
				BF64A3131FAB3650005FFDDA /* ObjectRecognition */,
			);
		};
/* End PBXProject section */

/* Begin PBXResourcesBuildPhase section */
		BF64A3121FAB3650005FFDDA /* Resources */ = {
			isa = PBXResourcesBuildPhase;
			buildActionMask = 2147483647;
			files = (
				BF64A3221FAB3651005FFDDA /* LaunchScreen.storyboard in Resources */,
				BF64A31F1FAB3651005FFDDA /* Assets.xcassets in Resources */,
				BF64A31D1FAB3651005FFDDA /* Main.storyboard in Resources */,
			);
			runOnlyForDeploymentPostprocessing = 0;
		};
/* End PBXResourcesBuildPhase section */

/* Begin PBXSourcesBuildPhase section */
		BF64A3101FAB3650005FFDDA /* Sources */ = {
			isa = PBXSourcesBuildPhase;
			buildActionMask = 2147483647;
			files = (
				BF64A31A1FAB3651005FFDDA /* ViewController.swift in Sources */,
				BF64A32C1FAB5297005FFDDA /* Inceptionv3.mlmodel in Sources */,
				BF64A3181FAB3651005FFDDA /* AppDelegate.swift in Sources */,
				BF64A32A1FAB369E005FFDDA /* PreviewView.swift in Sources */,
			);
			runOnlyForDeploymentPostprocessing = 0;
		};
/* End PBXSourcesBuildPhase section */

/* Begin PBXVariantGroup section */
		BF64A31B1FAB3651005FFDDA /* Main.storyboard */ = {
			isa = PBXVariantGroup;
			children = (
				BF64A31C1FAB3651005FFDDA /* Base */,
			);
			name = Main.storyboard;
			sourceTree = "<group>";
		};
		BF64A3201FAB3651005FFDDA /* LaunchScreen.storyboard */ = {
			isa = PBXVariantGroup;
			children = (
				BF64A3211FAB3651005FFDDA /* Base */,
			);
			name = LaunchScreen.storyboard;
			sourceTree = "<group>";
		};
/* End PBXVariantGroup section */

/* Begin XCBuildConfiguration section */
		BF64A3241FAB3651005FFDDA /* Debug */ = {
			isa = XCBuildConfiguration;
			buildSettings = {
				ALWAYS_SEARCH_USER_PATHS = NO;
				CLANG_ANALYZER_NONNULL = YES;
				CLANG_ANALYZER_NUMBER_OBJECT_CONVERSION = YES_AGGRESSIVE;
				CLANG_CXX_LANGUAGE_STANDARD = "gnu++14";
				CLANG_CXX_LIBRARY = "libc++";
				CLANG_ENABLE_MODULES = YES;
				CLANG_ENABLE_OBJC_ARC = YES;
				CLANG_WARN_BLOCK_CAPTURE_AUTORELEASING = YES;
				CLANG_WARN_BOOL_CONVERSION = YES;
				CLANG_WARN_COMMA = YES;
				CLANG_WARN_CONSTANT_CONVERSION = YES;
				CLANG_WARN_DIRECT_OBJC_ISA_USAGE = YES_ERROR;
				CLANG_WARN_DOCUMENTATION_COMMENTS = YES;
				CLANG_WARN_EMPTY_BODY = YES;
				CLANG_WARN_ENUM_CONVERSION = YES;
				CLANG_WARN_INFINITE_RECURSION = YES;
				CLANG_WARN_INT_CONVERSION = YES;
				CLANG_WARN_NON_LITERAL_NULL_CONVERSION = YES;
				CLANG_WARN_OBJC_LITERAL_CONVERSION = YES;
				CLANG_WARN_OBJC_ROOT_CLASS = YES_ERROR;
				CLANG_WARN_RANGE_LOOP_ANALYSIS = YES;
				CLANG_WARN_STRICT_PROTOTYPES = YES;
				CLANG_WARN_SUSPICIOUS_MOVE = YES;
				CLANG_WARN_UNGUARDED_AVAILABILITY = YES_AGGRESSIVE;
				CLANG_WARN_UNREACHABLE_CODE = YES;
				CLANG_WARN__DUPLICATE_METHOD_MATCH = YES;
				CODE_SIGN_IDENTITY = "iPhone Developer";
				COPY_PHASE_STRIP = NO;
				DEBUG_INFORMATION_FORMAT = dwarf;
				ENABLE_STRICT_OBJC_MSGSEND = YES;
				ENABLE_TESTABILITY = YES;
				GCC_C_LANGUAGE_STANDARD = gnu11;
				GCC_DYNAMIC_NO_PIC = NO;
				GCC_NO_COMMON_BLOCKS = YES;
				GCC_OPTIMIZATION_LEVEL = 0;
				GCC_PREPROCESSOR_DEFINITIONS = (
					"DEBUG=1",
					"$(inherited)",
				);
				GCC_WARN_64_TO_32_BIT_CONVERSION = YES;
				GCC_WARN_ABOUT_RETURN_TYPE = YES_ERROR;
				GCC_WARN_UNDECLARED_SELECTOR = YES;
				GCC_WARN_UNINITIALIZED_AUTOS = YES_AGGRESSIVE;
				GCC_WARN_UNUSED_FUNCTION = YES;
				GCC_WARN_UNUSED_VARIABLE = YES;
				IPHONEOS_DEPLOYMENT_TARGET = 11.0;
				MTL_ENABLE_DEBUG_INFO = YES;
				ONLY_ACTIVE_ARCH = YES;
				SDKROOT = iphoneos;
				SWIFT_ACTIVE_COMPILATION_CONDITIONS = DEBUG;
				SWIFT_OPTIMIZATION_LEVEL = "-Onone";
			};
			name = Debug;
		};
		BF64A3251FAB3651005FFDDA /* Release */ = {
			isa = XCBuildConfiguration;
			buildSettings = {
				ALWAYS_SEARCH_USER_PATHS = NO;
				CLANG_ANALYZER_NONNULL = YES;
				CLANG_ANALYZER_NUMBER_OBJECT_CONVERSION = YES_AGGRESSIVE;
				CLANG_CXX_LANGUAGE_STANDARD = "gnu++14";
				CLANG_CXX_LIBRARY = "libc++";
				CLANG_ENABLE_MODULES = YES;
				CLANG_ENABLE_OBJC_ARC = YES;
				CLANG_WARN_BLOCK_CAPTURE_AUTORELEASING = YES;
				CLANG_WARN_BOOL_CONVERSION = YES;
				CLANG_WARN_COMMA = YES;
				CLANG_WARN_CONSTANT_CONVERSION = YES;
				CLANG_WARN_DIRECT_OBJC_ISA_USAGE = YES_ERROR;
				CLANG_WARN_DOCUMENTATION_COMMENTS = YES;
				CLANG_WARN_EMPTY_BODY = YES;
				CLANG_WARN_ENUM_CONVERSION = YES;
				CLANG_WARN_INFINITE_RECURSION = YES;
				CLANG_WARN_INT_CONVERSION = YES;
				CLANG_WARN_NON_LITERAL_NULL_CONVERSION = YES;
				CLANG_WARN_OBJC_LITERAL_CONVERSION = YES;
				CLANG_WARN_OBJC_ROOT_CLASS = YES_ERROR;
				CLANG_WARN_RANGE_LOOP_ANALYSIS = YES;
				CLANG_WARN_STRICT_PROTOTYPES = YES;
				CLANG_WARN_SUSPICIOUS_MOVE = YES;
				CLANG_WARN_UNGUARDED_AVAILABILITY = YES_AGGRESSIVE;
				CLANG_WARN_UNREACHABLE_CODE = YES;
				CLANG_WARN__DUPLICATE_METHOD_MATCH = YES;
				CODE_SIGN_IDENTITY = "iPhone Developer";
				COPY_PHASE_STRIP = NO;
				DEBUG_INFORMATION_FORMAT = "dwarf-with-dsym";
				ENABLE_NS_ASSERTIONS = NO;
				ENABLE_STRICT_OBJC_MSGSEND = YES;
				GCC_C_LANGUAGE_STANDARD = gnu11;
				GCC_NO_COMMON_BLOCKS = YES;
				GCC_WARN_64_TO_32_BIT_CONVERSION = YES;
				GCC_WARN_ABOUT_RETURN_TYPE = YES_ERROR;
				GCC_WARN_UNDECLARED_SELECTOR = YES;
				GCC_WARN_UNINITIALIZED_AUTOS = YES_AGGRESSIVE;
				GCC_WARN_UNUSED_FUNCTION = YES;
				GCC_WARN_UNUSED_VARIABLE = YES;
				IPHONEOS_DEPLOYMENT_TARGET = 11.0;
				MTL_ENABLE_DEBUG_INFO = NO;
				SDKROOT = iphoneos;
				SWIFT_OPTIMIZATION_LEVEL = "-Owholemodule";
				VALIDATE_PRODUCT = YES;
			};
			name = Release;
		};
		BF64A3271FAB3651005FFDDA /* Debug */ = {
			isa = XCBuildConfiguration;
			buildSettings = {
				ASSETCATALOG_COMPILER_APPICON_NAME = AppIcon;
				CODE_SIGN_STYLE = Automatic;
				DEVELOPMENT_TEAM = 6G68R287BD;
				INFOPLIST_FILE = ObjectRecognition/Info.plist;
				LD_RUNPATH_SEARCH_PATHS = "$(inherited) @executable_path/Frameworks";
				PRODUCT_BUNDLE_IDENTIFIER = fr.infostrates.ObjectRecognition;
				PRODUCT_NAME = "$(TARGET_NAME)";
				SWIFT_VERSION = 3.0;
				TARGETED_DEVICE_FAMILY = "1,2";
			};
			name = Debug;
		};
		BF64A3281FAB3651005FFDDA /* Release */ = {
			isa = XCBuildConfiguration;
			buildSettings = {
				ASSETCATALOG_COMPILER_APPICON_NAME = AppIcon;
				CODE_SIGN_STYLE = Automatic;
				DEVELOPMENT_TEAM = 6G68R287BD;
				INFOPLIST_FILE = ObjectRecognition/Info.plist;
				LD_RUNPATH_SEARCH_PATHS = "$(inherited) @executable_path/Frameworks";
				PRODUCT_BUNDLE_IDENTIFIER = fr.infostrates.ObjectRecognition;
				PRODUCT_NAME = "$(TARGET_NAME)";
				SWIFT_VERSION = 3.0;
				TARGETED_DEVICE_FAMILY = "1,2";
			};
			name = Release;
		};
/* End XCBuildConfiguration section */

/* Begin XCConfigurationList section */
		BF64A30F1FAB3650005FFDDA /* Build configuration list for PBXProject "ObjectRecognition" */ = {
			isa = XCConfigurationList;
			buildConfigurations = (
				BF64A3241FAB3651005FFDDA /* Debug */,
				BF64A3251FAB3651005FFDDA /* Release */,
			);
			defaultConfigurationIsVisible = 0;
			defaultConfigurationName = Release;
		};
		BF64A3261FAB3651005FFDDA /* Build configuration list for PBXNativeTarget "ObjectRecognition" */ = {
			isa = XCConfigurationList;
			buildConfigurations = (
				BF64A3271FAB3651005FFDDA /* Debug */,
				BF64A3281FAB3651005FFDDA /* Release */,
			);
			defaultConfigurationIsVisible = 0;
			defaultConfigurationName = Release;
		};
/* End XCConfigurationList section */
	};
	rootObject = BF64A30C1FAB3650005FFDDA /* Project object */;
}
